
Microsoft Visual Studio Solution File, Format Version 12.00
# Visual Studio 15
VisualStudioVersion = 15.0.27428.2015
MinimumVisualStudioVersion = 10.0.40219.1
Project("{FAE04EC0-301F-11D3-BF4B-00C04F79EFBC}") = "CalcPriceService", "CalcPriceService\CalcPriceService.csproj", "{59DD392D-3AA7-4D7A-8E92-898BF6F630BA}"
EndProject
Global
	GlobalSection(SolutionConfigurationPlatforms) = preSolution
		Debug|Any CPU = Debug|Any CPU
		Release|Any CPU = Release|Any CPU
	EndGlobalSection
	GlobalSection(ProjectConfigurationPlatforms) = postSolution
		{59DD392D-3AA7-4D7A-8E92-898BF6F630BA}.Debug|Any CPU.ActiveCfg = Debug|Any CPU
		{59DD392D-3AA7-4D7A-8E92-898BF6F630BA}.Debug|Any CPU.Build.0 = Debug|Any CPU
		{59DD392D-3AA7-4D7A-8E92-898BF6F630BA}.Release|Any CPU.ActiveCfg = Release|Any CPU
		{59DD392D-3AA7-4D7A-8E92-898BF6F630BA}.Release|Any CPU.Build.0 = Release|Any CPU
	EndGlobalSection
	GlobalSection(SolutionProperties) = preSolution
		HideSolutionNode = FALSE
	EndGlobalSection
	GlobalSection(ExtensibilityGlobals) = postSolution
		SolutionGuid = {3496BC61-B5F0-408B-9355-2233CBAE39D8}
	EndGlobalSection
EndGlobal
